
Microsoft Visual Studio Solution File, Format Version 12.00
# Visual Studio Version 16
VisualStudioVersion = 16.0.30804.86
MinimumVisualStudioVersion = 10.0.40219.1
Project("{FAE04EC0-301F-11D3-BF4B-00C04F79EFBC}") = "SistVehiculo", "SistVehiculo\SistVehiculo.csproj", "{1D56D6E4-8C41-4477-8825-EEFBE16131D7}"
EndProject
Global
	GlobalSection(SolutionConfigurationPlatforms) = preSolution
		Debug|Any CPU = Debug|Any CPU
		Release|Any CPU = Release|Any CPU
	EndGlobalSection
	GlobalSection(ProjectConfigurationPlatforms) = postSolution
		{1D56D6E4-8C41-4477-8825-EEFBE16131D7}.Debug|Any CPU.ActiveCfg = Debug|Any CPU
		{1D56D6E4-8C41-4477-8825-EEFBE16131D7}.Debug|Any CPU.Build.0 = Debug|Any CPU
		{1D56D6E4-8C41-4477-8825-EEFBE16131D7}.Release|Any CPU.ActiveCfg = Release|Any CPU
		{1D56D6E4-8C41-4477-8825-EEFBE16131D7}.Release|Any CPU.Build.0 = Release|Any CPU
	EndGlobalSection
	GlobalSection(SolutionProperties) = preSolution
		HideSolutionNode = FALSE
	EndGlobalSection
	GlobalSection(ExtensibilityGlobals) = postSolution
		SolutionGuid = {01A517BA-F80A-4794-8F5D-15C6DE05C353}
	EndGlobalSection
EndGlobal
